
Microsoft Visual Studio Solution File, Format Version 12.00
Project("{FAE04EC0-301F-11D3-BF4B-00C04F79EFBC}") = "Lab1", "Lab1\Lab1.csproj", "{1EE57F52-85C8-45E7-A530-482614503112}"
EndProject
Project("{FAE04EC0-301F-11D3-BF4B-00C04F79EFBC}") = "sem2lab2", "sem2lab2\sem2lab2.csproj", "{CFC5F4B9-DDE2-47F7-BE53-E60B75B9031D}"
EndProject
Project("{FAE04EC0-301F-11D3-BF4B-00C04F79EFBC}") = "sem2lab3", "sem2lab3\sem2lab3.csproj", "{6DB14898-9861-4487-AE9B-841E7D3F97E5}"
EndProject
Project("{FAE04EC0-301F-11D3-BF4B-00C04F79EFBC}") = "sem2lab4", "sem2lab4\sem2lab4.csproj", "{15329048-4258-4447-88D5-31F5EBF6CFF0}"
EndProject
Project("{FAE04EC0-301F-11D3-BF4B-00C04F79EFBC}") = "sem2lab5", "sem2lab5\sem2lab5.csproj", "{C6B2FBB5-3F28-4602-8C49-64085D552CB5}"
EndProject
Project("{FAE04EC0-301F-11D3-BF4B-00C04F79EFBC}") = "sem2lab6", "sem2lab6\sem2lab6.csproj", "{814765FE-A442-4B4E-9706-AFD4FEB0DCB3}"
EndProject
Project("{FAE04EC0-301F-11D3-BF4B-00C04F79EFBC}") = "sem2lab9", "sem2lab9\sem2lab9.csproj", "{39E553B9-D090-48EA-8C30-90EC14E73354}"
EndProject
Project("{FAE04EC0-301F-11D3-BF4B-00C04F79EFBC}") = "lablib", "lablib\lablib.csproj", "{C3D867AF-6F74-479E-BE41-32F1819FBC6E}"
EndProject
Global
	GlobalSection(SolutionConfigurationPlatforms) = preSolution
		Debug|Any CPU = Debug|Any CPU
		Release|Any CPU = Release|Any CPU
	EndGlobalSection
	GlobalSection(ProjectConfigurationPlatforms) = postSolution
		{1EE57F52-85C8-45E7-A530-482614503112}.Debug|Any CPU.ActiveCfg = Debug|Any CPU
		{1EE57F52-85C8-45E7-A530-482614503112}.Debug|Any CPU.Build.0 = Debug|Any CPU
		{1EE57F52-85C8-45E7-A530-482614503112}.Release|Any CPU.ActiveCfg = Release|Any CPU
		{1EE57F52-85C8-45E7-A530-482614503112}.Release|Any CPU.Build.0 = Release|Any CPU
		{CFC5F4B9-DDE2-47F7-BE53-E60B75B9031D}.Debug|Any CPU.ActiveCfg = Debug|Any CPU
		{CFC5F4B9-DDE2-47F7-BE53-E60B75B9031D}.Debug|Any CPU.Build.0 = Debug|Any CPU
		{CFC5F4B9-DDE2-47F7-BE53-E60B75B9031D}.Release|Any CPU.ActiveCfg = Release|Any CPU
		{CFC5F4B9-DDE2-47F7-BE53-E60B75B9031D}.Release|Any CPU.Build.0 = Release|Any CPU
		{6DB14898-9861-4487-AE9B-841E7D3F97E5}.Debug|Any CPU.ActiveCfg = Debug|Any CPU
		{6DB14898-9861-4487-AE9B-841E7D3F97E5}.Debug|Any CPU.Build.0 = Debug|Any CPU
		{6DB14898-9861-4487-AE9B-841E7D3F97E5}.Release|Any CPU.ActiveCfg = Release|Any CPU
		{6DB14898-9861-4487-AE9B-841E7D3F97E5}.Release|Any CPU.Build.0 = Release|Any CPU
		{15329048-4258-4447-88D5-31F5EBF6CFF0}.Debug|Any CPU.ActiveCfg = Debug|Any CPU
		{15329048-4258-4447-88D5-31F5EBF6CFF0}.Debug|Any CPU.Build.0 = Debug|Any CPU
		{15329048-4258-4447-88D5-31F5EBF6CFF0}.Release|Any CPU.ActiveCfg = Release|Any CPU
		{15329048-4258-4447-88D5-31F5EBF6CFF0}.Release|Any CPU.Build.0 = Release|Any CPU
		{C6B2FBB5-3F28-4602-8C49-64085D552CB5}.Debug|Any CPU.ActiveCfg = Debug|Any CPU
		{C6B2FBB5-3F28-4602-8C49-64085D552CB5}.Debug|Any CPU.Build.0 = Debug|Any CPU
		{C6B2FBB5-3F28-4602-8C49-64085D552CB5}.Release|Any CPU.ActiveCfg = Release|Any CPU
		{C6B2FBB5-3F28-4602-8C49-64085D552CB5}.Release|Any CPU.Build.0 = Release|Any CPU
		{814765FE-A442-4B4E-9706-AFD4FEB0DCB3}.Debug|Any CPU.ActiveCfg = Debug|Any CPU
		{814765FE-A442-4B4E-9706-AFD4FEB0DCB3}.Debug|Any CPU.Build.0 = Debug|Any CPU
		{814765FE-A442-4B4E-9706-AFD4FEB0DCB3}.Release|Any CPU.ActiveCfg = Release|Any CPU
		{814765FE-A442-4B4E-9706-AFD4FEB0DCB3}.Release|Any CPU.Build.0 = Release|Any CPU
		{39E553B9-D090-48EA-8C30-90EC14E73354}.Debug|Any CPU.ActiveCfg = Debug|Any CPU
		{39E553B9-D090-48EA-8C30-90EC14E73354}.Debug|Any CPU.Build.0 = Debug|Any CPU
		{39E553B9-D090-48EA-8C30-90EC14E73354}.Release|Any CPU.ActiveCfg = Release|Any CPU
		{39E553B9-D090-48EA-8C30-90EC14E73354}.Release|Any CPU.Build.0 = Release|Any CPU
		{C3D867AF-6F74-479E-BE41-32F1819FBC6E}.Debug|Any CPU.ActiveCfg = Debug|Any CPU
		{C3D867AF-6F74-479E-BE41-32F1819FBC6E}.Debug|Any CPU.Build.0 = Debug|Any CPU
		{C3D867AF-6F74-479E-BE41-32F1819FBC6E}.Release|Any CPU.ActiveCfg = Release|Any CPU
		{C3D867AF-6F74-479E-BE41-32F1819FBC6E}.Release|Any CPU.Build.0 = Release|Any CPU
	EndGlobalSection
EndGlobal
